
Microsoft Visual Studio Solution File, Format Version 12.00
# Visual Studio 2013
VisualStudioVersion = 12.0.31101.0
MinimumVisualStudioVersion = 10.0.40219.1
Project("{FAE04EC0-301F-11D3-BF4B-00C04F79EFBC}") = "photoblog", "photoblog.csproj", "{AA279E79-75C7-40E0-9356-99A50007B110}"
EndProject
Project("{2150E333-8FDC-42A3-9474-1A3956D46DE8}") = "PublishScripts", "PublishScripts", "{F01790E1-CAEE-4763-81BF-01A61B55C75E}"
	ProjectSection(SolutionItems) = preProject
		PublishScripts\AzureWebsitePublishModule.psm1 = PublishScripts\AzureWebsitePublishModule.psm1
		PublishScripts\Publish-WebApplicationWebsite.ps1 = PublishScripts\Publish-WebApplicationWebsite.ps1
	EndProjectSection
EndProject
Project("{2150E333-8FDC-42A3-9474-1A3956D46DE8}") = "Configurations", "Configurations", "{ECE7FA54-ECC9-4F37-907D-2714D630C44D}"
	ProjectSection(SolutionItems) = preProject
		PublishScripts\Configurations\photoblog-WAWS-dev-2.json = PublishScripts\Configurations\photoblog-WAWS-dev-2.json
	EndProjectSection
EndProject
Global
	GlobalSection(SolutionConfigurationPlatforms) = preSolution
		Debug|Any CPU = Debug|Any CPU
		Release|Any CPU = Release|Any CPU
	EndGlobalSection
	GlobalSection(ProjectConfigurationPlatforms) = postSolution
		{AA279E79-75C7-40E0-9356-99A50007B110}.Debug|Any CPU.ActiveCfg = Debug|Any CPU
		{AA279E79-75C7-40E0-9356-99A50007B110}.Debug|Any CPU.Build.0 = Debug|Any CPU
		{AA279E79-75C7-40E0-9356-99A50007B110}.Release|Any CPU.ActiveCfg = Release|Any CPU
		{AA279E79-75C7-40E0-9356-99A50007B110}.Release|Any CPU.Build.0 = Release|Any CPU
	EndGlobalSection
	GlobalSection(SolutionProperties) = preSolution
		HideSolutionNode = FALSE
	EndGlobalSection
	GlobalSection(NestedProjects) = preSolution
		{ECE7FA54-ECC9-4F37-907D-2714D630C44D} = {F01790E1-CAEE-4763-81BF-01A61B55C75E}
	EndGlobalSection
EndGlobal
